PODS:
  - Flutter (1.0.0)
  - flutter_webrtc (0.12.6):
    - Flutter
    - WebRTC-SDK (= 125.6422.06)
  - livekit_client (2.3.1):
    - Flutter
    - WebRTC-SDK (= 125.6422.06)
  - open_filex (0.0.2):
    - Flutter
  - WebRTC-SDK (125.6422.06)

DEPENDENCIES:
  - Flutter (from `Flutter`)
  - flutter_webrtc (from `.symlinks/plugins/flutter_webrtc/ios`)
  - livekit_client (from `.symlinks/plugins/livekit_client/ios`)
  - open_filex (from `.symlinks/plugins/open_filex/ios`)

SPEC REPOS:
  trunk:
    - WebRTC-SDK

EXTERNAL SOURCES:
  Flutter:
    :path: Flutter
  flutter_webrtc:
    :path: ".symlinks/plugins/flutter_webrtc/ios"
  livekit_client:
    :path: ".symlinks/plugins/livekit_client/ios"
  open_filex:
    :path: ".symlinks/plugins/open_filex/ios"

SPEC CHECKSUMS:
  Flutter: 71a624a5bc0c04062bf19101d501e466baf2fb47
  flutter_webrtc: 57f32415b8744e806f9c2a96ccdb60c6a627ba33
  livekit_client: f2828bf3f9dae951af44107765b032a53f26fe45
  open_filex: 432f3cd11432da3e39f47fcc0df2b1603854eff1
  WebRTC-SDK: 79942c006ea64f6fb48d7da8a4786dfc820bc1db

PODFILE CHECKSUM: 3ba3a73b1b12adcf321a227a745625fe0888cc82

COCOAPODS: 1.17.0
